
Microsoft Visual Studio Solution File, Format Version 12.00
# Visual Studio Version 16
VisualStudioVersion = 16.0.31624.102
MinimumVisualStudioVersion = 10.0.40219.1
Project("{FAE04EC0-301F-11D3-BF4B-00C04F79EFBC}") = "DemoSyncfunsion", "DemoSyncfunsion\DemoSyncfunsion\DemoSyncfunsion.csproj", "{120A640A-D14D-4DB7-B78F-EB2389668D99}"
EndProject
Project("{FAE04EC0-301F-11D3-BF4B-00C04F79EFBC}") = "DemoSyncfunsion.Android", "DemoSyncfunsion\DemoSyncfunsion.Android\DemoSyncfunsion.Android.csproj", "{AF04316B-82A0-4FBE-97D3-DE76F6404F87}"
EndProject
Project("{FAE04EC0-301F-11D3-BF4B-00C04F79EFBC}") = "DemoSyncfunsion.iOS", "DemoSyncfunsion\DemoSyncfunsion.iOS\DemoSyncfunsion.iOS.csproj", "{52B586AF-A32A-48EA-88E2-7636A6040A98}"
EndProject
Global
	GlobalSection(SolutionConfigurationPlatforms) = preSolution
		Ad-Hoc|Any CPU = Ad-Hoc|Any CPU
		Ad-Hoc|iPhone = Ad-Hoc|iPhone
		Ad-Hoc|iPhoneSimulator = Ad-Hoc|iPhoneSimulator
		AppStore|Any CPU = AppStore|Any CPU
		AppStore|iPhone = AppStore|iPhone
		AppStore|iPhoneSimulator = AppStore|iPhoneSimulator
		Debug|Any CPU = Debug|Any CPU
		Debug|iPhone = Debug|iPhone
		Debug|iPhoneSimulator = Debug|iPhoneSimulator
		Release|Any CPU = Release|Any CPU
		Release|iPhone = Release|iPhone
		Release|iPhoneSimulator = Release|iPhoneSimulator
	EndGlobalSection
	GlobalSection(ProjectConfigurationPlatforms) = postSolution
		{120A640A-D14D-4DB7-B78F-EB2389668D99}.Ad-Hoc|Any CPU.ActiveCfg = Debug|Any CPU
		{120A640A-D14D-4DB7-B78F-EB2389668D99}.Ad-Hoc|Any CPU.Build.0 = Debug|Any CPU
		{120A640A-D14D-4DB7-B78F-EB2389668D99}.Ad-Hoc|iPhone.ActiveCfg = Debug|Any CPU
		{120A640A-D14D-4DB7-B78F-EB2389668D99}.Ad-Hoc|iPhone.Build.0 = Debug|Any CPU
		{120A640A-D14D-4DB7-B78F-EB2389668D99}.Ad-Hoc|iPhoneSimulator.ActiveCfg = Debug|Any CPU
		{120A640A-D14D-4DB7-B78F-EB2389668D99}.Ad-Hoc|iPhoneSimulator.Build.0 = Debug|Any CPU
		{120A640A-D14D-4DB7-B78F-EB2389668D99}.AppStore|Any CPU.ActiveCfg = Debug|Any CPU
		{120A640A-D14D-4DB7-B78F-EB2389668D99}.AppStore|Any CPU.Build.0 = Debug|Any CPU
		{120A640A-D14D-4DB7-B78F-EB2389668D99}.AppStore|iPhone.ActiveCfg = Debug|Any CPU
		{120A640A-D14D-4DB7-B78F-EB2389668D99}.AppStore|iPhone.Build.0 = Debug|Any CPU
		{120A640A-D14D-4DB7-B78F-EB2389668D99}.AppStore|iPhoneSimulator.ActiveCfg = Debug|Any CPU
		{120A640A-D14D-4DB7-B78F-EB2389668D99}.AppStore|iPhoneSimulator.Build.0 = Debug|Any CPU
		{120A640A-D14D-4DB7-B78F-EB2389668D99}.Debug|Any CPU.ActiveCfg = Debug|Any CPU
		{120A640A-D14D-4DB7-B78F-EB2389668D99}.Debug|Any CPU.Build.0 = Debug|Any CPU
		{120A640A-D14D-4DB7-B78F-EB2389668D99}.Debug|iPhone.ActiveCfg = Debug|Any CPU
		{120A640A-D14D-4DB7-B78F-EB2389668D99}.Debug|iPhone.Build.0 = Debug|Any CPU
		{120A640A-D14D-4DB7-B78F-EB2389668D99}.Debug|iPhoneSimulator.ActiveCfg = Debug|Any CPU
		{120A640A-D14D-4DB7-B78F-EB2389668D99}.Debug|iPhoneSimulator.Build.0 = Debug|Any CPU
		{120A640A-D14D-4DB7-B78F-EB2389668D99}.Release|Any CPU.ActiveCfg = Release|Any CPU
		{120A640A-D14D-4DB7-B78F-EB2389668D99}.Release|Any CPU.Build.0 = Release|Any CPU
		{120A640A-D14D-4DB7-B78F-EB2389668D99}.Release|iPhone.ActiveCfg = Release|Any CPU
		{120A640A-D14D-4DB7-B78F-EB2389668D99}.Release|iPhone.Build.0 = Release|Any CPU
		{120A640A-D14D-4DB7-B78F-EB2389668D99}.Release|iPhoneSimulator.ActiveCfg = Release|Any CPU
		{120A640A-D14D-4DB7-B78F-EB2389668D99}.Release|iPhoneSimulator.Build.0 = Release|Any CPU
		{AF04316B-82A0-4FBE-97D3-DE76F6404F87}.Ad-Hoc|Any CPU.ActiveCfg = Debug|Any CPU
		{AF04316B-82A0-4FBE-97D3-DE76F6404F87}.Ad-Hoc|Any CPU.Build.0 = Debug|Any CPU
		{AF04316B-82A0-4FBE-97D3-DE76F6404F87}.Ad-Hoc|Any CPU.Deploy.0 = Debug|Any CPU
		{AF04316B-82A0-4FBE-97D3-DE76F6404F87}.Ad-Hoc|iPhone.ActiveCfg = Debug|Any CPU
		{AF04316B-82A0-4FBE-97D3-DE76F6404F87}.Ad-Hoc|iPhone.Build.0 = Debug|Any CPU
		{AF04316B-82A0-4FBE-97D3-DE76F6404F87}.Ad-Hoc|iPhone.Deploy.0 = Debug|Any CPU
		{AF04316B-82A0-4FBE-97D3-DE76F6404F87}.Ad-Hoc|iPhoneSimulator.ActiveCfg = Debug|Any CPU
		{AF04316B-82A0-4FBE-97D3-DE76F6404F87}.Ad-Hoc|iPhoneSimulator.Build.0 = Debug|Any CPU
		{AF04316B-82A0-4FBE-97D3-DE76F6404F87}.Ad-Hoc|iPhoneSimulator.Deploy.0 = Debug|Any CPU
		{AF04316B-82A0-4FBE-97D3-DE76F6404F87}.AppStore|Any CPU.ActiveCfg = Debug|Any CPU
		{AF04316B-82A0-4FBE-97D3-DE76F6404F87}.AppStore|Any CPU.Build.0 = Debug|Any CPU
		{AF04316B-82A0-4FBE-97D3-DE76F6404F87}.AppStore|Any CPU.Deploy.0 = Debug|Any CPU
		{AF04316B-82A0-4FBE-97D3-DE76F6404F87}.AppStore|iPhone.ActiveCfg = Debug|Any CPU
		{AF04316B-82A0-4FBE-97D3-DE76F6404F87}.AppStore|iPhone.Build.0 = Debug|Any CPU
		{AF04316B-82A0-4FBE-97D3-DE76F6404F87}.AppStore|iPhone.Deploy.0 = Debug|Any CPU
		{AF04316B-82A0-4FBE-97D3-DE76F6404F87}.AppStore|iPhoneSimulator.ActiveCfg = Debug|Any CPU
		{AF04316B-82A0-4FBE-97D3-DE76F6404F87}.AppStore|iPhoneSimulator.Build.0 = Debug|Any CPU
		{AF04316B-82A0-4FBE-97D3-DE76F6404F87}.AppStore|iPhoneSimulator.Deploy.0 = Debug|Any CPU
		{AF04316B-82A0-4FBE-97D3-DE76F6404F87}.Debug|Any CPU.ActiveCfg = Debug|Any CPU
		{AF04316B-82A0-4FBE-97D3-DE76F6404F87}.Debug|Any CPU.Build.0 = Debug|Any CPU
		{AF04316B-82A0-4FBE-97D3-DE76F6404F87}.Debug|Any CPU.Deploy.0 = Debug|Any CPU
		{AF04316B-82A0-4FBE-97D3-DE76F6404F87}.Debug|iPhone.ActiveCfg = Debug|Any CPU
		{AF04316B-82A0-4FBE-97D3-DE76F6404F87}.Debug|iPhone.Build.0 = Debug|Any CPU
		{AF04316B-82A0-4FBE-97D3-DE76F6404F87}.Debug|iPhone.Deploy.0 = Debug|Any CPU
		{AF04316B-82A0-4FBE-97D3-DE76F6404F87}.Debug|iPhoneSimulator.ActiveCfg = Debug|Any CPU
		{AF04316B-82A0-4FBE-97D3-DE76F6404F87}.Debug|iPhoneSimulator.Build.0 = Debug|Any CPU
		{AF04316B-82A0-4FBE-97D3-DE76F6404F87}.Debug|iPhoneSimulator.Deploy.0 = Debug|Any CPU
		{AF04316B-82A0-4FBE-97D3-DE76F6404F87}.Release|Any CPU.ActiveCfg = Release|Any CPU
		{AF04316B-82A0-4FBE-97D3-DE76F6404F87}.Release|Any CPU.Build.0 = Release|Any CPU
		{AF04316B-82A0-4FBE-97D3-DE76F6404F87}.Release|Any CPU.Deploy.0 = Release|Any CPU
		{AF04316B-82A0-4FBE-97D3-DE76F6404F87}.Release|iPhone.ActiveCfg = Release|Any CPU
		{AF04316B-82A0-4FBE-97D3-DE76F6404F87}.Release|iPhone.Build.0 = Release|Any CPU
		{AF04316B-82A0-4FBE-97D3-DE76F6404F87}.Release|iPhone.Deploy.0 = Release|Any CPU
		{AF04316B-82A0-4FBE-97D3-DE76F6404F87}.Release|iPhoneSimulator.ActiveCfg = Release|Any CPU
		{AF04316B-82A0-4FBE-97D3-DE76F6404F87}.Release|iPhoneSimulator.Build.0 = Release|Any CPU
		{AF04316B-82A0-4FBE-97D3-DE76F6404F87}.Release|iPhoneSimulator.Deploy.0 = Release|Any CPU
		{52B586AF-A32A-48EA-88E2-7636A6040A98}.Ad-Hoc|Any CPU.ActiveCfg = Ad-Hoc|iPhoneSimulator
		{52B586AF-A32A-48EA-88E2-7636A6040A98}.Ad-Hoc|iPhone.ActiveCfg = Ad-Hoc|iPhone
		{52B586AF-A32A-48EA-88E2-7636A6040A98}.Ad-Hoc|iPhone.Build.0 = Ad-Hoc|iPhone
		{52B586AF-A32A-48EA-88E2-7636A6040A98}.Ad-Hoc|iPhoneSimulator.ActiveCfg = Ad-Hoc|iPhoneSimulator
		{52B586AF-A32A-48EA-88E2-7636A6040A98}.Ad-Hoc|iPhoneSimulator.Build.0 = Ad-Hoc|iPhoneSimulator
		{52B586AF-A32A-48EA-88E2-7636A6040A98}.AppStore|Any CPU.ActiveCfg = AppStore|iPhoneSimulator
		{52B586AF-A32A-48EA-88E2-7636A6040A98}.AppStore|iPhone.ActiveCfg = AppStore|iPhone
		{52B586AF-A32A-48EA-88E2-7636A6040A98}.AppStore|iPhone.Build.0 = AppStore|iPhone
		{52B586AF-A32A-48EA-88E2-7636A6040A98}.AppStore|iPhoneSimulator.ActiveCfg = AppStore|iPhoneSimulator
		{52B586AF-A32A-48EA-88E2-7636A6040A98}.AppStore|iPhoneSimulator.Build.0 = AppStore|iPhoneSimulator
		{52B586AF-A32A-48EA-88E2-7636A6040A98}.Debug|Any CPU.ActiveCfg = Debug|iPhoneSimulator
		{52B586AF-A32A-48EA-88E2-7636A6040A98}.Debug|iPhone.ActiveCfg = Debug|iPhone
		{52B586AF-A32A-48EA-88E2-7636A6040A98}.Debug|iPhone.Build.0 = Debug|iPhone
		{52B586AF-A32A-48EA-88E2-7636A6040A98}.Debug|iPhoneSimulator.ActiveCfg = Debug|iPhoneSimulator
		{52B586AF-A32A-48EA-88E2-7636A6040A98}.Debug|iPhoneSimulator.Build.0 = Debug|iPhoneSimulator
		{52B586AF-A32A-48EA-88E2-7636A6040A98}.Release|Any CPU.ActiveCfg = Release|iPhoneSimulator
		{52B586AF-A32A-48EA-88E2-7636A6040A98}.Release|iPhone.ActiveCfg = Release|iPhone
		{52B586AF-A32A-48EA-88E2-7636A6040A98}.Release|iPhone.Build.0 = Release|iPhone
		{52B586AF-A32A-48EA-88E2-7636A6040A98}.Release|iPhoneSimulator.ActiveCfg = Release|iPhoneSimulator
		{52B586AF-A32A-48EA-88E2-7636A6040A98}.Release|iPhoneSimulator.Build.0 = Release|iPhoneSimulator
	EndGlobalSection
	GlobalSection(SolutionProperties) = preSolution
		HideSolutionNode = FALSE
	EndGlobalSection
	GlobalSection(ExtensibilityGlobals) = postSolution
		SolutionGuid = {1D2F65F6-6E94-4A38-B417-20B6B4EA6740}
	EndGlobalSection
EndGlobal
